
Microsoft Visual Studio Solution File, Format Version 12.00
# Visual Studio Version 16
VisualStudioVersion = 16.0.30011.19
MinimumVisualStudioVersion = 10.0.40219.1
Project("{FAE04EC0-301F-11D3-BF4B-00C04F79EFBC}") = "WebApplication3", "WebApplication3.csproj", "{19DA3207-2D34-4DA6-AD8C-D5DC5655B9E2}"
EndProject
Global
	GlobalSection(SolutionConfigurationPlatforms) = preSolution
		Debug|Any CPU = Debug|Any CPU
		Release|Any CPU = Release|Any CPU
	EndGlobalSection
	GlobalSection(ProjectConfigurationPlatforms) = postSolution
		{19DA3207-2D34-4DA6-AD8C-D5DC5655B9E2}.Debug|Any CPU.ActiveCfg = Debug|Any CPU
		{19DA3207-2D34-4DA6-AD8C-D5DC5655B9E2}.Debug|Any CPU.Build.0 = Debug|Any CPU
		{19DA3207-2D34-4DA6-AD8C-D5DC5655B9E2}.Release|Any CPU.ActiveCfg = Release|Any CPU
		{19DA3207-2D34-4DA6-AD8C-D5DC5655B9E2}.Release|Any CPU.Build.0 = Release|Any CPU
	EndGlobalSection
	GlobalSection(SolutionProperties) = preSolution
		HideSolutionNode = FALSE
	EndGlobalSection
	GlobalSection(ExtensibilityGlobals) = postSolution
		SolutionGuid = {513BBCBA-B556-4567-9A8B-05724FAC2BA5}
	EndGlobalSection
EndGlobal
